
Microsoft Visual Studio Solution File, Format Version 12.00
# Visual Studio Version 17
VisualStudioVersion = 17.9.34728.123
MinimumVisualStudioVersion = 10.0.40219.1
Project("{9A19103F-16F7-4668-BE54-9A1E7A4F7556}") = "MyApi", "MyApi.csproj", "{403F3B06-4A34-437F-88E8-784EB530AAD6}"
EndProject
Global
	GlobalSection(SolutionConfigurationPlatforms) = preSolution
		Debug|Any CPU = Debug|Any CPU
		Release|Any CPU = Release|Any CPU
	EndGlobalSection
	GlobalSection(ProjectConfigurationPlatforms) = postSolution
		{403F3B06-4A34-437F-88E8-784EB530AAD6}.Debug|Any CPU.ActiveCfg = Debug|Any CPU
		{403F3B06-4A34-437F-88E8-784EB530AAD6}.Debug|Any CPU.Build.0 = Debug|Any CPU
		{403F3B06-4A34-437F-88E8-784EB530AAD6}.Release|Any CPU.ActiveCfg = Release|Any CPU
		{403F3B06-4A34-437F-88E8-784EB530AAD6}.Release|Any CPU.Build.0 = Release|Any CPU
	EndGlobalSection
	GlobalSection(SolutionProperties) = preSolution
		HideSolutionNode = FALSE
	EndGlobalSection
	GlobalSection(ExtensibilityGlobals) = postSolution
		SolutionGuid = {B3BF22FC-0D16-438E-A608-4851D55D67B2}
	EndGlobalSection
EndGlobal
